
Microsoft Visual Studio Solution File, Format Version 12.00
# Visual Studio Version 17
VisualStudioVersion = 17.11.35312.102
MinimumVisualStudioVersion = 10.0.40219.1
Project("{FAE04EC0-301F-11D3-BF4B-00C04F79EFBC}") = "Assignment2_back_to_class", "Assignment2_back_to_class.csproj", "{21051525-0BC9-449A-ABC2-A5757CC2A0D4}"
EndProject
Global
	GlobalSection(SolutionConfigurationPlatforms) = preSolution
		Debug|Any CPU = Debug|Any CPU
		Release|Any CPU = Release|Any CPU
	EndGlobalSection
	GlobalSection(ProjectConfigurationPlatforms) = postSolution
		{21051525-0BC9-449A-ABC2-A5757CC2A0D4}.Debug|Any CPU.ActiveCfg = Debug|Any CPU
		{21051525-0BC9-449A-ABC2-A5757CC2A0D4}.Debug|Any CPU.Build.0 = Debug|Any CPU
		{21051525-0BC9-449A-ABC2-A5757CC2A0D4}.Release|Any CPU.ActiveCfg = Release|Any CPU
		{21051525-0BC9-449A-ABC2-A5757CC2A0D4}.Release|Any CPU.Build.0 = Release|Any CPU
	EndGlobalSection
	GlobalSection(SolutionProperties) = preSolution
		HideSolutionNode = FALSE
	EndGlobalSection
	GlobalSection(ExtensibilityGlobals) = postSolution
		SolutionGuid = {0E89DDBE-C321-4793-8B23-FEB886F6AD87}
	EndGlobalSection
EndGlobal
